{
    "_readme": [
        "This file locks the dependencies of your project to a known state",
        "Read more about it at https://getcomposer.org/doc/01-basic-usage.md#installing-dependencies",
        "This file is @generated automatically"
    ],
    "content-hash": "c4ecdcb25e8cb1998027434687750335",
    "packages": [
        {
            "name": "clue/stream-filter",
            "version": "v1.6.0",
            "source": {
                "type": "git",
                "url": "https://github.com/clue/stream-filter.git",
                "reference": "d6169430c7731d8509da7aecd0af756a5747b78e"
            },
            "dist": {
                "type": "zip",
                "url": "https://api.github.com/repos/clue/stream-filter/zipball/d6169430c7731d8509da7aecd0af756a5747b78e",
                "reference": "d6169430c7731d8509da7aecd0af756a5747b78e",
                "shasum": ""
            },
            "require": {
                "php": ">=5.3"
            },
            "require-dev": {
                "phpunit/phpunit": "^9.3 || ^5.7 || ^4.8.36"
            },
            "type": "library",
            "autoload": {
                "files": [
                    "src/functions_include.php"
                ],
                "psr-4": {
                    "Clue\\StreamFilter\\": "src/"
                }
            },
            "notification-url": "https://packagist.org/downloads/",
            "license": [
                "MIT"
            ],
            "authors": [
                {
                    "name": "Christian Lück",
                    "email": "christian@clue.engineering"
                }
            ],
            "description": "A simple and modern approach to stream filtering in PHP",
            "homepage": "https://github.com/clue/php-stream-filter",
            "keywords": [
                "bucket brigade",
                "callback",
                "filter",
                "php_user_filter",
                "stream",
                "stream_filter_append",
                "stream_filter_register"
            ],
            "support": {
                "issues": "https://github.com/clue/stream-filter/issues",
                "source": "https://github.com/clue/stream-filter/tree/v1.6.0"
            },
            "funding": [
                {
                    "url": "https://clue.engineering/support",
                    "type": "custom"
                },
                {
                    "url": "https://github.com/clue",
                    "type": "github"
                }
            ],
            "time": "2022-02-21T13:15:14+00:00"
        },
        {
            "name": "laudis/neo4j-php-client",
            "version": "3.0.2",
            "source": {
                "type": "git",
                "url": "https://github.com/neo4j-php/neo4j-php-client.git",
                "reference": "8a83f4ff26617a89960618e8f2cbb17a57878bd5"
            },
            "dist": {
                "type": "zip",
                "url": "https://api.github.com/repos/neo4j-php/neo4j-php-client/zipball/8a83f4ff26617a89960618e8f2cbb17a57878bd5",
                "reference": "8a83f4ff26617a89960618e8f2cbb17a57878bd5",
                "shasum": ""
            },
            "require": {
                "ext-json": "*",
                "laudis/typed-enum": "^1.3.2",
                "php": "^8.0",
                "php-http/discovery": "^1.13",
                "php-http/message": "^1.0",
                "php-http/message-factory": "^1.0",
                "psr/http-client": "^1.0",
                "psr/http-factory": "^1.0",
                "psr/http-message": "^1.0",
                "psr/simple-cache": ">=1.0",
                "stefanak-michal/bolt": "^5.1",
                "symfony/polyfill-php80": "^1.2"
            },
            "provide": {
                "psr/simple-cache-implementation": "2.0|3.0"
            },
            "require-dev": {
                "cache/integration-tests": "dev-master",
                "friendsofphp/php-cs-fixer": "3.15.0",
                "kriswallsmith/buzz": "^1.2",
                "kubawerlos/php-cs-fixer-custom-fixers": "3.13.*",
                "monolog/monolog": "^2.2",
                "nyholm/psr7": "^1.3",
                "nyholm/psr7-server": "^1.0",
                "phpunit/phpunit": "^9.0",
                "psalm/plugin-phpunit": "^0.15.1",
                "psr/log": "^1.1",
                "symfony/uid": "^5.0",
                "symfony/var-dumper": "^5.0",
                "vimeo/psalm": "4.29.0"
            },
            "suggest": {
                "composer-runtime-api": "Install composer 2 for auto detection of version in user agent",
                "ext-bcmath": "Needed to implement bolt protocol",
                "ext-sysvsem": "Needed for enabling connection pooling between processes"
            },
            "type": "library",
            "autoload": {
                "psr-4": {
                    "Laudis\\Neo4j\\": "src/"
                }
            },
            "notification-url": "https://packagist.org/downloads/",
            "license": [
                "MIT"
            ],
            "authors": [
                {
                    "name": "Ghlen Nagels",
                    "email": "ghlen@pm.me"
                }
            ],
            "description": "Neo4j-PHP-Client is the most advanced PHP Client for Neo4j",
            "keywords": [
                "bolt",
                "client",
                "cluster",
                "database",
                "driver",
                "graph",
                "high-availability",
                "http",
                "neo4j"
            ],
            "support": {
                "issues": "https://github.com/neo4j-php/neo4j-php-client/issues",
                "source": "https://github.com/neo4j-php/neo4j-php-client/tree/3.0.2"
            },
            "time": "2023-05-04T10:19:06+00:00"
        },
        {
            "name": "laudis/typed-enum",
            "version": "1.3.2",
            "source": {
                "type": "git",
                "url": "https://github.com/transistive/typed-enum.git",
                "reference": "65cddd2ed0eedd1ff642d1ef632745ab2522c976"
            },
            "dist": {
                "type": "zip",
                "url": "https://api.github.com/repos/transistive/typed-enum/zipball/65cddd2ed0eedd1ff642d1ef632745ab2522c976",
                "reference": "65cddd2ed0eedd1ff642d1ef632745ab2522c976",
                "shasum": ""
            },
            "require": {
                "php": "^7.4 || ^8.0"
            },
            "require-dev": {
                "friendsofphp/php-cs-fixer": "^3.3",
                "phpunit/phpunit": "9.*",
                "psalm/plugin-phpunit": "^0.16",
                "vimeo/psalm": "^4.12"
            },
            "type": "library",
            "autoload": {
                "psr-4": {
                    "Laudis\\TypedEnum\\": "src/"
                }
            },
            "notification-url": "https://packagist.org/downloads/",
            "license": [
                "MIT"
            ],
            "authors": [
                {
                    "name": "Ghlen Nagels",
                    "email": "ghlen@pm.me"
                }
            ],
            "description": "A small class allowing for typed enumerations.",
            "support": {
                "issues": "https://github.com/transistive/typed-enum/issues",
                "source": "https://github.com/transistive/typed-enum/tree/1.3.2"
            },
            "time": "2022-01-04T23:33:30+00:00"
        },
        {
            "name": "php-http/discovery",
            "version": "1.18.1",
            "source": {
                "type": "git",
                "url": "https://github.com/php-http/discovery.git",
                "reference": "f258b3a1d16acb7b21f3b42d7a2494a733365237"
            },
            "dist": {
                "type": "zip",
                "url": "https://api.github.com/repos/php-http/discovery/zipball/f258b3a1d16acb7b21f3b42d7a2494a733365237",
                "reference": "f258b3a1d16acb7b21f3b42d7a2494a733365237",
                "shasum": ""
            },
            "require": {
                "composer-plugin-api": "^1.0|^2.0",
                "php": "^7.1 || ^8.0"
            },
            "conflict": {
                "nyholm/psr7": "<1.0",
                "zendframework/zend-diactoros": "*"
            },
            "provide": {
                "php-http/async-client-implementation": "*",
                "php-http/client-implementation": "*",
                "psr/http-client-implementation": "*",
                "psr/http-factory-implementation": "*",
                "psr/http-message-implementation": "*"
            },
            "require-dev": {
                "composer/composer": "^1.0.2|^2.0",
                "graham-campbell/phpspec-skip-example-extension": "^5.0",
                "php-http/httplug": "^1.0 || ^2.0",
                "php-http/message-factory": "^1.0",
                "phpspec/phpspec": "^5.1 || ^6.1 || ^7.3",
                "symfony/phpunit-bridge": "^6.2"
            },
            "type": "composer-plugin",
            "extra": {
                "class": "Http\\Discovery\\Composer\\Plugin",
                "plugin-optional": true
            },
            "autoload": {
                "psr-4": {
                    "Http\\Discovery\\": "src/"
                },
                "exclude-from-classmap": [
                    "src/Composer/Plugin.php"
                ]
            },
            "notification-url": "https://packagist.org/downloads/",
            "license": [
                "MIT"
            ],
            "authors": [
                {
                    "name": "Márk Sági-Kazár",
                    "email": "mark.sagikazar@gmail.com"
                }
            ],
            "description": "Finds and installs PSR-7, PSR-17, PSR-18 and HTTPlug implementations",
            "homepage": "http://php-http.org",
            "keywords": [
                "adapter",
                "client",
                "discovery",
                "factory",
                "http",
                "message",
                "psr17",
                "psr7"
            ],
            "support": {
                "issues": "https://github.com/php-http/discovery/issues",
                "source": "https://github.com/php-http/discovery/tree/1.18.1"
            },
            "time": "2023-05-17T08:53:10+00:00"
        },
        {
            "name": "php-http/message",
            "version": "1.16.0",
            "source": {
                "type": "git",
                "url": "https://github.com/php-http/message.git",
                "reference": "47a14338bf4ebd67d317bf1144253d7db4ab55fd"
            },
            "dist": {
                "type": "zip",
                "url": "https://api.github.com/repos/php-http/message/zipball/47a14338bf4ebd67d317bf1144253d7db4ab55fd",
                "reference": "47a14338bf4ebd67d317bf1144253d7db4ab55fd",
                "shasum": ""
            },
            "require": {
                "clue/stream-filter": "^1.5",
                "php": "^7.2 || ^8.0",
                "psr/http-message": "^1.1 || ^2.0"
            },
            "provide": {
                "php-http/message-factory-implementation": "1.0"
            },
            "require-dev": {
                "ergebnis/composer-normalize": "^2.6",
                "ext-zlib": "*",
                "guzzlehttp/psr7": "^1.0 || ^2.0",
                "laminas/laminas-diactoros": "^2.0 || ^3.0",
                "php-http/message-factory": "^1.0.2",
                "phpspec/phpspec": "^5.1 || ^6.3 || ^7.1",
                "slim/slim": "^3.0"
            },
            "suggest": {
                "ext-zlib": "Used with compressor/decompressor streams",
                "guzzlehttp/psr7": "Used with Guzzle PSR-7 Factories",
                "laminas/laminas-diactoros": "Used with Diactoros Factories",
                "slim/slim": "Used with Slim Framework PSR-7 implementation"
            },
            "type": "library",
            "autoload": {
                "files": [
                    "src/filters.php"
                ],
                "psr-4": {
                    "Http\\Message\\": "src/"
                }
            },
            "notification-url": "https://packagist.org/downloads/",
            "license": [
                "MIT"
            ],
            "authors": [
                {
                    "name": "Márk Sági-Kazár",
                    "email": "mark.sagikazar@gmail.com"
                }
            ],
            "description": "HTTP Message related tools",
            "homepage": "http://php-http.org",
            "keywords": [
                "http",
                "message",
                "psr-7"
            ],
            "support": {
                "issues": "https://github.com/php-http/message/issues",
                "source": "https://github.com/php-http/message/tree/1.16.0"
            },
            "time": "2023-05-17T06:43:38+00:00"
        },
        {
            "name": "php-http/message-factory",
            "version": "1.1.0",
            "source": {
                "type": "git",
                "url": "https://github.com/php-http/message-factory.git",
                "reference": "4d8778e1c7d405cbb471574821c1ff5b68cc8f57"
            },
            "dist": {
                "type": "zip",
                "url": "https://api.github.com/repos/php-http/message-factory/zipball/4d8778e1c7d405cbb471574821c1ff5b68cc8f57",
                "reference": "4d8778e1c7d405cbb471574821c1ff5b68cc8f57",
                "shasum": ""
            },
            "require": {
                "php": ">=5.4",
                "psr/http-message": "^1.0 || ^2.0"
            },
            "type": "library",
            "extra": {
                "branch-alias": {
                    "dev-master": "1.x-dev"
                }
            },
            "autoload": {
                "psr-4": {
                    "Http\\Message\\": "src/"
                }
            },
            "notification-url": "https://packagist.org/downloads/",
            "license": [
                "MIT"
            ],
            "authors": [
                {
                    "name": "Márk Sági-Kazár",
                    "email": "mark.sagikazar@gmail.com"
                }
            ],
            "description": "Factory interfaces for PSR-7 HTTP Message",
            "homepage": "http://php-http.org",
            "keywords": [
                "factory",
                "http",
                "message",
                "stream",
                "uri"
            ],
            "support": {
                "issues": "https://github.com/php-http/message-factory/issues",
                "source": "https://github.com/php-http/message-factory/tree/1.1.0"
            },
            "abandoned": "psr/http-factory",
            "time": "2023-04-14T14:16:17+00:00"
        },
        {
            "name": "psr/http-client",
            "version": "1.0.2",
            "source": {
                "type": "git",
                "url": "https://github.com/php-fig/http-client.git",
                "reference": "0955afe48220520692d2d09f7ab7e0f93ffd6a31"
            },
            "dist": {
                "type": "zip",
                "url": "https://api.github.com/repos/php-fig/http-client/zipball/0955afe48220520692d2d09f7ab7e0f93ffd6a31",
                "reference": "0955afe48220520692d2d09f7ab7e0f93ffd6a31",
                "shasum": ""
            },
            "require": {
                "php": "^7.0 || ^8.0",
                "psr/http-message": "^1.0 || ^2.0"
            },
            "type": "library",
            "extra": {
                "branch-alias": {
                    "dev-master": "1.0.x-dev"
                }
            },
            "autoload": {
                "psr-4": {
                    "Psr\\Http\\Client\\": "src/"
                }
            },
            "notification-url": "https://packagist.org/downloads/",
            "license": [
                "MIT"
            ],
            "authors": [
                {
                    "name": "PHP-FIG",
                    "homepage": "https://www.php-fig.org/"
                }
            ],
            "description": "Common interface for HTTP clients",
            "homepage": "https://github.com/php-fig/http-client",
            "keywords": [
                "http",
                "http-client",
                "psr",
                "psr-18"
            ],
            "support": {
                "source": "https://github.com/php-fig/http-client/tree/1.0.2"
            },
            "time": "2023-04-10T20:12:12+00:00"
        },
        {
            "name": "psr/http-factory",
            "version": "1.0.2",
            "source": {
                "type": "git",
                "url": "https://github.com/php-fig/http-factory.git",
                "reference": "e616d01114759c4c489f93b099585439f795fe35"
            },
            "dist": {
                "type": "zip",
                "url": "https://api.github.com/repos/php-fig/http-factory/zipball/e616d01114759c4c489f93b099585439f795fe35",
                "reference": "e616d01114759c4c489f93b099585439f795fe35",
                "shasum": ""
            },
            "require": {
                "php": ">=7.0.0",
                "psr/http-message": "^1.0 || ^2.0"
            },
            "type": "library",
            "extra": {
                "branch-alias": {
                    "dev-master": "1.0.x-dev"
                }
            },
            "autoload": {
                "psr-4": {
                    "Psr\\Http\\Message\\": "src/"
                }
            },
            "notification-url": "https://packagist.org/downloads/",
            "license": [
                "MIT"
            ],
            "authors": [
                {
                    "name": "PHP-FIG",
                    "homepage": "https://www.php-fig.org/"
                }
            ],
            "description": "Common interfaces for PSR-7 HTTP message factories",
            "keywords": [
                "factory",
                "http",
                "message",
                "psr",
                "psr-17",
                "psr-7",
                "request",
                "response"
            ],
            "support": {
                "source": "https://github.com/php-fig/http-factory/tree/1.0.2"
            },
            "time": "2023-04-10T20:10:41+00:00"
        },
        {
            "name": "psr/http-message",
            "version": "1.1",
            "source": {
                "type": "git",
                "url": "https://github.com/php-fig/http-message.git",
                "reference": "cb6ce4845ce34a8ad9e68117c10ee90a29919eba"
            },
            "dist": {
                "type": "zip",
                "url": "https://api.github.com/repos/php-fig/http-message/zipball/cb6ce4845ce34a8ad9e68117c10ee90a29919eba",
                "reference": "cb6ce4845ce34a8ad9e68117c10ee90a29919eba",
                "shasum": ""
            },
            "require": {
                "php": "^7.2 || ^8.0"
            },
            "type": "library",
            "extra": {
                "branch-alias": {
                    "dev-master": "1.1.x-dev"
                }
            },
            "autoload": {
                "psr-4": {
                    "Psr\\Http\\Message\\": "src/"
                }
            },
            "notification-url": "https://packagist.org/downloads/",
            "license": [
                "MIT"
            ],
            "authors": [
                {
                    "name": "PHP-FIG",
                    "homepage": "http://www.php-fig.org/"
                }
            ],
            "description": "Common interface for HTTP messages",
            "homepage": "https://github.com/php-fig/http-message",
            "keywords": [
                "http",
                "http-message",
                "psr",
                "psr-7",
                "request",
                "response"
            ],
            "support": {
                "source": "https://github.com/php-fig/http-message/tree/1.1"
            },
            "time": "2023-04-04T09:50:52+00:00"
        },
        {
            "name": "psr/simple-cache",
            "version": "3.0.0",
            "source": {
                "type": "git",
                "url": "https://github.com/php-fig/simple-cache.git",
                "reference": "764e0b3939f5ca87cb904f570ef9be2d78a07865"
            },
            "dist": {
                "type": "zip",
                "url": "https://api.github.com/repos/php-fig/simple-cache/zipball/764e0b3939f5ca87cb904f570ef9be2d78a07865",
                "reference": "764e0b3939f5ca87cb904f570ef9be2d78a07865",
                "shasum": ""
            },
            "require": {
                "php": ">=8.0.0"
            },
            "type": "library",
            "extra": {
                "branch-alias": {
                    "dev-master": "3.0.x-dev"
                }
            },
            "autoload": {
                "psr-4": {
                    "Psr\\SimpleCache\\": "src/"
                }
            },
            "notification-url": "https://packagist.org/downloads/",
            "license": [
                "MIT"
            ],
            "authors": [
                {
                    "name": "PHP-FIG",
                    "homepage": "https://www.php-fig.org/"
                }
            ],
            "description": "Common interfaces for simple caching",
            "keywords": [
                "cache",
                "caching",
                "psr",
                "psr-16",
                "simple-cache"
            ],
            "support": {
                "source": "https://github.com/php-fig/simple-cache/tree/3.0.0"
            },
            "time": "2021-10-29T13:26:27+00:00"
        },
        {
            "name": "stefanak-michal/bolt",
            "version": "v5.1.1",
            "source": {
                "type": "git",
                "url": "https://github.com/neo4j-php/Bolt.git",
                "reference": "ab7374c1436aa23eb293908c9cc1474e3b0c65d2"
            },
            "dist": {
                "type": "zip",
                "url": "https://api.github.com/repos/neo4j-php/Bolt/zipball/ab7374c1436aa23eb293908c9cc1474e3b0c65d2",
                "reference": "ab7374c1436aa23eb293908c9cc1474e3b0c65d2",
                "shasum": ""
            },
            "require": {
                "ext-mbstring": "*",
                "php": ">=7.4"
            },
            "require-dev": {
                "phpunit/phpunit": ">=9"
            },
            "suggest": {
                "ext-openssl": "Needed when using StreamSocket connection class with SSL",
                "ext-sockets": "Needed when using Socket connection class",
                "laudis/neo4j-php-client": "Neo4j-PHP-Client is the most advanced PHP Client for Neo4j",
                "stefanak-michal/neo4j-bolt-wrapper": "Wrapper for Neo4j PHP Bolt library to simplify usage."
            },
            "type": "library",
            "autoload": {
                "psr-4": {
                    "Bolt\\": "src/"
                }
            },
            "notification-url": "https://packagist.org/downloads/",
            "license": [
                "MIT"
            ],
            "authors": [
                {
                    "name": "Michal Stefanak",
                    "homepage": "https://www.linkedin.com/in/michalstefanak/",
                    "role": "Developer"
                }
            ],
            "description": "PHP library for communication with Neo4j graph database over TCP socket with Bolt protocol specification",
            "homepage": "https://github.com/neo4j-php/Bolt",
            "keywords": [
                "Socket",
                "bolt",
                "database",
                "neo4j"
            ],
            "support": {
                "docs": "https://www.neo4j.com/docs/bolt/current/",
                "issues": "https://github.com/neo4j-php/Bolt/issues",
                "source": "https://github.com/neo4j-php/Bolt"
            },
            "funding": [
                {
                    "url": "https://ko-fi.com/michalstefanak",
                    "type": "ko-fi"
                }
            ],
            "time": "2022-11-29T16:17:09+00:00"
        },
        {
            "name": "symfony/polyfill-php80",
            "version": "v1.27.0",
            "source": {
                "type": "git",
                "url": "https://github.com/symfony/polyfill-php80.git",
                "reference": "7a6ff3f1959bb01aefccb463a0f2cd3d3d2fd936"
            },
            "dist": {
                "type": "zip",
                "url": "https://api.github.com/repos/symfony/polyfill-php80/zipball/7a6ff3f1959bb01aefccb463a0f2cd3d3d2fd936",
                "reference": "7a6ff3f1959bb01aefccb463a0f2cd3d3d2fd936",
                "shasum": ""
            },
            "require": {
                "php": ">=7.1"
            },
            "type": "library",
            "extra": {
                "branch-alias": {
                    "dev-main": "1.27-dev"
                },
                "thanks": {
                    "name": "symfony/polyfill",
                    "url": "https://github.com/symfony/polyfill"
                }
            },
            "autoload": {
                "files": [
                    "bootstrap.php"
                ],
                "psr-4": {
                    "Symfony\\Polyfill\\Php80\\": ""
                },
                "classmap": [
                    "Resources/stubs"
                ]
            },
            "notification-url": "https://packagist.org/downloads/",
            "license": [
                "MIT"
            ],
            "authors": [
                {
                    "name": "Ion Bazan",
                    "email": "ion.bazan@gmail.com"
                },
                {
                    "name": "Nicolas Grekas",
                    "email": "p@tchwork.com"
                },
                {
                    "name": "Symfony Community",
                    "homepage": "https://symfony.com/contributors"
                }
            ],
            "description": "Symfony polyfill backporting some PHP 8.0+ features to lower PHP versions",
            "homepage": "https://symfony.com",
            "keywords": [
                "compatibility",
                "polyfill",
                "portable",
                "shim"
            ],
            "support": {
                "source": "https://github.com/symfony/polyfill-php80/tree/v1.27.0"
            },
            "funding": [
                {
                    "url": "https://symfony.com/sponsor",
                    "type": "custom"
                },
                {
                    "url": "https://github.com/fabpot",
                    "type": "github"
                },
                {
                    "url": "https://tidelift.com/funding/github/packagist/symfony/symfony",
                    "type": "tidelift"
                }
            ],
            "time": "2022-11-03T14:55:06+00:00"
        }
    ],
    "packages-dev": [],
    "aliases": [],
    "minimum-stability": "stable",
    "stability-flags": [],
    "prefer-stable": false,
    "prefer-lowest": false,
    "platform": [],
    "platform-dev": [],
    "plugin-api-version": "2.3.0"
}
